
Microsoft Visual Studio Solution File, Format Version 12.00
# Visual Studio Version 17
VisualStudioVersion = 17.7.34003.232
MinimumVisualStudioVersion = 10.0.40219.1
Project("{FAE04EC0-301F-11D3-BF4B-00C04F79EFBC}") = "DenemelerZafer", "DenemelerZafer\DenemelerZafer.csproj", "{88E9ECF0-B3D3-4B93-B7A6-446EA227F576}"
EndProject
Global
	GlobalSection(SolutionConfigurationPlatforms) = preSolution
		Debug|Any CPU = Debug|Any CPU
		Release|Any CPU = Release|Any CPU
	EndGlobalSection
	GlobalSection(ProjectConfigurationPlatforms) = postSolution
		{88E9ECF0-B3D3-4B93-B7A6-446EA227F576}.Debug|Any CPU.ActiveCfg = Debug|Any CPU
		{88E9ECF0-B3D3-4B93-B7A6-446EA227F576}.Debug|Any CPU.Build.0 = Debug|Any CPU
		{88E9ECF0-B3D3-4B93-B7A6-446EA227F576}.Release|Any CPU.ActiveCfg = Release|Any CPU
		{88E9ECF0-B3D3-4B93-B7A6-446EA227F576}.Release|Any CPU.Build.0 = Release|Any CPU
	EndGlobalSection
	GlobalSection(SolutionProperties) = preSolution
		HideSolutionNode = FALSE
	EndGlobalSection
	GlobalSection(ExtensibilityGlobals) = postSolution
		SolutionGuid = {3616F59D-D29A-4C38-A9CC-5D58B62D8443}
	EndGlobalSection
EndGlobal
